
Microsoft Visual Studio Solution File, Format Version 12.00
# Visual Studio Version 17
VisualStudioVersion = 17.0.32112.339
MinimumVisualStudioVersion = 10.0.40219.1
Project("{FAE04EC0-301F-11D3-BF4B-00C04F79EFBC}") = "GeoMediaService", "GeoMediaService\GeoMediaService.csproj", "{1637547F-B90E-4703-B2AD-4B7C234448CD}"
EndProject
Global
	GlobalSection(SolutionConfigurationPlatforms) = preSolution
		Debug|Any CPU = Debug|Any CPU
		Release|Any CPU = Release|Any CPU
	EndGlobalSection
	GlobalSection(ProjectConfigurationPlatforms) = postSolution
		{1637547F-B90E-4703-B2AD-4B7C234448CD}.Debug|Any CPU.ActiveCfg = Debug|Any CPU
		{1637547F-B90E-4703-B2AD-4B7C234448CD}.Debug|Any CPU.Build.0 = Debug|Any CPU
		{1637547F-B90E-4703-B2AD-4B7C234448CD}.Release|Any CPU.ActiveCfg = Release|Any CPU
		{1637547F-B90E-4703-B2AD-4B7C234448CD}.Release|Any CPU.Build.0 = Release|Any CPU
	EndGlobalSection
	GlobalSection(SolutionProperties) = preSolution
		HideSolutionNode = FALSE
	EndGlobalSection
	GlobalSection(ExtensibilityGlobals) = postSolution
		SolutionGuid = {969BAB44-7D13-44BE-9EE7-455B70D7B733}
	EndGlobalSection
EndGlobal
